
Microsoft Visual Studio Solution File, Format Version 12.00
# Visual Studio Version 16
VisualStudioVersion = 16.0.31424.327
MinimumVisualStudioVersion = 10.0.40219.1
Project("{FAE04EC0-301F-11D3-BF4B-00C04F79EFBC}") = "TuseAwesomeApiWeb", "TuseAwesomeApiWeb\TuseAwesomeApiWeb.csproj", "{45E66B7B-3FA0-445E-AAC1-45C707643C68}"
EndProject
Global
	GlobalSection(SolutionConfigurationPlatforms) = preSolution
		Debug|Any CPU = Debug|Any CPU
		Release|Any CPU = Release|Any CPU
	EndGlobalSection
	GlobalSection(ProjectConfigurationPlatforms) = postSolution
		{45E66B7B-3FA0-445E-AAC1-45C707643C68}.Debug|Any CPU.ActiveCfg = Debug|Any CPU
		{45E66B7B-3FA0-445E-AAC1-45C707643C68}.Debug|Any CPU.Build.0 = Debug|Any CPU
		{45E66B7B-3FA0-445E-AAC1-45C707643C68}.Release|Any CPU.ActiveCfg = Release|Any CPU
		{45E66B7B-3FA0-445E-AAC1-45C707643C68}.Release|Any CPU.Build.0 = Release|Any CPU
	EndGlobalSection
	GlobalSection(SolutionProperties) = preSolution
		HideSolutionNode = FALSE
	EndGlobalSection
	GlobalSection(ExtensibilityGlobals) = postSolution
		SolutionGuid = {371DE8FE-0CBA-40E9-916B-7A647349D563}
	EndGlobalSection
EndGlobal
